
Microsoft Visual Studio Solution File, Format Version 12.00
# Visual Studio 15
VisualStudioVersion = 15.0.28307.168
MinimumVisualStudioVersion = 10.0.40219.1
Project("{9A19103F-16F7-4668-BE54-9A1E7A4F7556}") = "XLSXCake", "XLSXCake\XLSXCake.csproj", "{A7B5B393-5BFE-4440-8E56-0A21A0AFCA45}"
EndProject
Project("{FAE04EC0-301F-11D3-BF4B-00C04F79EFBC}") = "XLSXCake.Example", "XLSXCake.Example\XLSXCake.Example.csproj", "{52E18478-3CFF-4036-8002-9FEF9A802BCB}"
EndProject
Project("{FAE04EC0-301F-11D3-BF4B-00C04F79EFBC}") = "XLSXCake.Example.Core", "XLSXCake.Example.Core\XLSXCake.Example.Core.csproj", "{411E802C-5397-45F2-A2C5-3C558B9320AE}"
EndProject
Project("{FAE04EC0-301F-11D3-BF4B-00C04F79EFBC}") = "XLSXCake.Test", "XLSXCake.Test\XLSXCake.Test.csproj", "{DE2FAA99-0F6E-4109-8B9E-2CDDB94E6616}"
EndProject
Global
	GlobalSection(SolutionConfigurationPlatforms) = preSolution
		Debug|Any CPU = Debug|Any CPU
		Release|Any CPU = Release|Any CPU
	EndGlobalSection
	GlobalSection(ProjectConfigurationPlatforms) = postSolution
		{A7B5B393-5BFE-4440-8E56-0A21A0AFCA45}.Debug|Any CPU.ActiveCfg = Debug|Any CPU
		{A7B5B393-5BFE-4440-8E56-0A21A0AFCA45}.Debug|Any CPU.Build.0 = Debug|Any CPU
		{A7B5B393-5BFE-4440-8E56-0A21A0AFCA45}.Release|Any CPU.ActiveCfg = Release|Any CPU
		{A7B5B393-5BFE-4440-8E56-0A21A0AFCA45}.Release|Any CPU.Build.0 = Release|Any CPU
		{52E18478-3CFF-4036-8002-9FEF9A802BCB}.Debug|Any CPU.ActiveCfg = Debug|Any CPU
		{52E18478-3CFF-4036-8002-9FEF9A802BCB}.Debug|Any CPU.Build.0 = Debug|Any CPU
		{52E18478-3CFF-4036-8002-9FEF9A802BCB}.Release|Any CPU.ActiveCfg = Release|Any CPU
		{52E18478-3CFF-4036-8002-9FEF9A802BCB}.Release|Any CPU.Build.0 = Release|Any CPU
		{411E802C-5397-45F2-A2C5-3C558B9320AE}.Debug|Any CPU.ActiveCfg = Debug|Any CPU
		{411E802C-5397-45F2-A2C5-3C558B9320AE}.Debug|Any CPU.Build.0 = Debug|Any CPU
		{411E802C-5397-45F2-A2C5-3C558B9320AE}.Release|Any CPU.ActiveCfg = Release|Any CPU
		{411E802C-5397-45F2-A2C5-3C558B9320AE}.Release|Any CPU.Build.0 = Release|Any CPU
		{DE2FAA99-0F6E-4109-8B9E-2CDDB94E6616}.Debug|Any CPU.ActiveCfg = Debug|Any CPU
		{DE2FAA99-0F6E-4109-8B9E-2CDDB94E6616}.Debug|Any CPU.Build.0 = Debug|Any CPU
		{DE2FAA99-0F6E-4109-8B9E-2CDDB94E6616}.Release|Any CPU.ActiveCfg = Release|Any CPU
		{DE2FAA99-0F6E-4109-8B9E-2CDDB94E6616}.Release|Any CPU.Build.0 = Release|Any CPU
	EndGlobalSection
	GlobalSection(SolutionProperties) = preSolution
		HideSolutionNode = FALSE
	EndGlobalSection
	GlobalSection(ExtensibilityGlobals) = postSolution
		SolutionGuid = {69687E7A-2532-4DA0-BCA0-F8A1BD1B07B7}
	EndGlobalSection
EndGlobal
